
Microsoft Visual Studio Solution File, Format Version 12.00
# Visual Studio Version 17
VisualStudioVersion = 17.9.34622.214
MinimumVisualStudioVersion = 10.0.40219.1
Project("{9A19103F-16F7-4668-BE54-9A1E7A4F7556}") = "RentVilla_API", "RentVilla_API\RentVilla_API.csproj", "{41E940CE-B507-40A0-8DF0-2CD1B38D3CA5}"
EndProject
Project("{9A19103F-16F7-4668-BE54-9A1E7A4F7556}") = "Rent_API", "Rent_API\Rent_API.csproj", "{16D7C3E3-7CAF-4C40-9A69-3ED961F7AE2A}"
EndProject
Global
	GlobalSection(SolutionConfigurationPlatforms) = preSolution
		Debug|Any CPU = Debug|Any CPU
		Release|Any CPU = Release|Any CPU
	EndGlobalSection
	GlobalSection(ProjectConfigurationPlatforms) = postSolution
		{41E940CE-B507-40A0-8DF0-2CD1B38D3CA5}.Debug|Any CPU.ActiveCfg = Debug|Any CPU
		{41E940CE-B507-40A0-8DF0-2CD1B38D3CA5}.Debug|Any CPU.Build.0 = Debug|Any CPU
		{41E940CE-B507-40A0-8DF0-2CD1B38D3CA5}.Release|Any CPU.ActiveCfg = Release|Any CPU
		{41E940CE-B507-40A0-8DF0-2CD1B38D3CA5}.Release|Any CPU.Build.0 = Release|Any CPU
		{16D7C3E3-7CAF-4C40-9A69-3ED961F7AE2A}.Debug|Any CPU.ActiveCfg = Debug|Any CPU
		{16D7C3E3-7CAF-4C40-9A69-3ED961F7AE2A}.Debug|Any CPU.Build.0 = Debug|Any CPU
		{16D7C3E3-7CAF-4C40-9A69-3ED961F7AE2A}.Release|Any CPU.ActiveCfg = Release|Any CPU
		{16D7C3E3-7CAF-4C40-9A69-3ED961F7AE2A}.Release|Any CPU.Build.0 = Release|Any CPU
	EndGlobalSection
	GlobalSection(SolutionProperties) = preSolution
		HideSolutionNode = FALSE
	EndGlobalSection
	GlobalSection(ExtensibilityGlobals) = postSolution
		SolutionGuid = {92C0FEBD-9FDB-4A84-B9A1-12F4D33D21D4}
	EndGlobalSection
EndGlobal
